// !$*UTF8*$!
{
	archiveVersion = 1;
	classes = {
	};
	objectVersion = 77;
	objects = {

/* Begin PBXContainerItemProxy section */
		AE7615302D7A9F0E00BC2F35 /* PBXContainerItemProxy */ = {
			isa = PBXContainerItemProxy;
			containerPortal = AE7615172D7A9F0D00BC2F35 /* Project object */;
			proxyType = 1;
			remoteGlobalIDString = AE76151E2D7A9F0D00BC2F35;
			remoteInfo = iOSPaint;
		};
		AE76153A2D7A9F0E00BC2F35 /* PBXContainerItemProxy */ = {
			isa = PBXContainerItemProxy;
			containerPortal = AE7615172D7A9F0D00BC2F35 /* Project object */;
			proxyType = 1;
			remoteGlobalIDString = AE76151E2D7A9F0D00BC2F35;
			remoteInfo = iOSPaint;
		};
/* End PBXContainerItemProxy section */

/* Begin PBXFileReference section */
		AE76151F2D7A9F0D00BC2F35 /* iOSPaint.app */ = {isa = PBXFileReference; explicitFileType = wrapper.application; includeInIndex = 0; path = iOSPaint.app; sourceTree = BUILT_PRODUCTS_DIR; };
		AE76152F2D7A9F0E00BC2F35 /* iOSPaintTests.xctest */ = {isa = PBXFileReference; explicitFileType = wrapper.cfbundle; includeInIndex = 0; path = iOSPaintTests.xctest; sourceTree = BUILT_PRODUCTS_DIR; };
		AE7615392D7A9F0E00BC2F35 /* iOSPaintUITests.xctest */ = {isa = PBXFileReference; explicitFileType = wrapper.cfbundle; includeInIndex = 0; path = iOSPaintUITests.xctest; sourceTree = BUILT_PRODUCTS_DIR; };
/* End PBXFileReference section */

/* Begin PBXFileSystemSynchronizedRootGroup section */
		AE7615212D7A9F0D00BC2F35 /* iOSPaint */ = {
			isa = PBXFileSystemSynchronizedRootGroup;
			path = iOSPaint;
			sourceTree = "<group>";
		};
		AE7615322D7A9F0E00BC2F35 /* iOSPaintTests */ = {
			isa = PBXFileSystemSynchronizedRootGroup;
			path = iOSPaintTests;
			sourceTree = "<group>";
		};
		AE76153C2D7A9F0E00BC2F35 /* iOSPaintUITests */ = {
			isa = PBXFileSystemSynchronizedRootGroup;
			path = iOSPaintUITests;
			sourceTree = "<group>";
		};
/* End PBXFileSystemSynchronizedRootGroup section */

/* Begin PBXFrameworksBuildPhase section */
		AE76151C2D7A9F0D00BC2F35 /* Frameworks */ = {
			isa = PBXFrameworksBuildPhase;
			buildActionMask = 2147483647;
			files = (
			);
			runOnlyForDeploymentPostprocessing = 0;
		};
		AE76152C2D7A9F0E00BC2F35 /* Frameworks */ = {
			isa = PBXFrameworksBuildPhase;
			buildActionMask = 2147483647;
			files = (
			);
			runOnlyForDeploymentPostprocessing = 0;
		};
		AE7615362D7A9F0E00BC2F35 /* Frameworks */ = {
			isa = PBXFrameworksBuildPhase;
			buildActionMask = 2147483647;
			files = (
			);
			runOnlyForDeploymentPostprocessing = 0;
		};
/* End PBXFrameworksBuildPhase section */

/* Begin PBXGroup section */
		AE7615162D7A9F0D00BC2F35 = {
			isa = PBXGroup;
			children = (
				AE7615212D7A9F0D00BC2F35 /* iOSPaint */,
				AE7615322D7A9F0E00BC2F35 /* iOSPaintTests */,
				AE76153C2D7A9F0E00BC2F35 /* iOSPaintUITests */,
				AE7615202D7A9F0D00BC2F35 /* Products */,
			);
			sourceTree = "<group>";
		};
		AE7615202D7A9F0D00BC2F35 /* Products */ = {
			isa = PBXGroup;
			children = (
				AE76151F2D7A9F0D00BC2F35 /* iOSPaint.app */,
				AE76152F2D7A9F0E00BC2F35 /* iOSPaintTests.xctest */,
				AE7615392D7A9F0E00BC2F35 /* iOSPaintUITests.xctest */,
			);
			name = Products;
			sourceTree = "<group>";
		};
/* End PBXGroup section */

/* Begin PBXNativeTarget section */
		AE76151E2D7A9F0D00BC2F35 /* iOSPaint */ = {
			isa = PBXNativeTarget;
			buildConfigurationList = AE7615432D7A9F0E00BC2F35 /* Build configuration list for PBXNativeTarget "iOSPaint" */;
			buildPhases = (
				AE76151B2D7A9F0D00BC2F35 /* Sources */,
				AE76151C2D7A9F0D00BC2F35 /* Frameworks */,
				AE76151D2D7A9F0D00BC2F35 /* Resources */,
			);
			buildRules = (
			);
			dependencies = (
			);
			fileSystemSynchronizedGroups = (
				AE7615212D7A9F0D00BC2F35 /* iOSPaint */,
			);
			name = iOSPaint;
			packageProductDependencies = (
			);
			productName = iOSPaint;
			productReference = AE76151F2D7A9F0D00BC2F35 /* iOSPaint.app */;
			productType = "com.apple.product-type.application";
		};
		AE76152E2D7A9F0E00BC2F35 /* iOSPaintTests */ = {
			isa = PBXNativeTarget;
			buildConfigurationList = AE7615462D7A9F0E00BC2F35 /* Build configuration list for PBXNativeTarget "iOSPaintTests" */;
			buildPhases = (
				AE76152B2D7A9F0E00BC2F35 /* Sources */,
				AE76152C2D7A9F0E00BC2F35 /* Frameworks */,
				AE76152D2D7A9F0E00BC2F35 /* Resources */,
			);
			buildRules = (
			);
			dependencies = (
				AE7615312D7A9F0E00BC2F35 /* PBXTargetDependency */,
			);
			fileSystemSynchronizedGroups = (
				AE7615322D7A9F0E00BC2F35 /* iOSPaintTests */,
			);
			name = iOSPaintTests;
			packageProductDependencies = (
			);
			productName = iOSPaintTests;
			productReference = AE76152F2D7A9F0E00BC2F35 /* iOSPaintTests.xctest */;
			productType = "com.apple.product-type.bundle.unit-test";
		};
		AE7615382D7A9F0E00BC2F35 /* iOSPaintUITests */ = {
			isa = PBXNativeTarget;
			buildConfigurationList = AE7615492D7A9F0E00BC2F35 /* Build configuration list for PBXNativeTarget "iOSPaintUITests" */;
			buildPhases = (
				AE7615352D7A9F0E00BC2F35 /* Sources */,
				AE7615362D7A9F0E00BC2F35 /* Frameworks */,
				AE7615372D7A9F0E00BC2F35 /* Resources */,
			);
			buildRules = (
			);
			dependencies = (
				AE76153B2D7A9F0E00BC2F35 /* PBXTargetDependency */,
			);
			fileSystemSynchronizedGroups = (
				AE76153C2D7A9F0E00BC2F35 /* iOSPaintUITests */,
			);
			name = iOSPaintUITests;
			packageProductDependencies = (
			);
			productName = iOSPaintUITests;
			productReference = AE7615392D7A9F0E00BC2F35 /* iOSPaintUITests.xctest */;
			productType = "com.apple.product-type.bundle.ui-testing";
		};
/* End PBXNativeTarget section */

/* Begin PBXProject section */
		AE7615172D7A9F0D00BC2F35 /* Project object */ = {
			isa = PBXProject;
			attributes = {
				BuildIndependentTargetsInParallel = 1;
				LastSwiftUpdateCheck = 1620;
				LastUpgradeCheck = 1620;
				TargetAttributes = {
					AE76151E2D7A9F0D00BC2F35 = {
						CreatedOnToolsVersion = 16.2;
					};
					AE76152E2D7A9F0E00BC2F35 = {
						CreatedOnToolsVersion = 16.2;
						TestTargetID = AE76151E2D7A9F0D00BC2F35;
					};
					AE7615382D7A9F0E00BC2F35 = {
						CreatedOnToolsVersion = 16.2;
						TestTargetID = AE76151E2D7A9F0D00BC2F35;
					};
				};
			};
			buildConfigurationList = AE76151A2D7A9F0D00BC2F35 /* Build configuration list for PBXProject "iOSPaint" */;
			developmentRegion = en;
			hasScannedForEncodings = 0;
			knownRegions = (
				en,
				Base,
			);
			mainGroup = AE7615162D7A9F0D00BC2F35;
			minimizedProjectReferenceProxies = 1;
			preferredProjectObjectVersion = 77;
			productRefGroup = AE7615202D7A9F0D00BC2F35 /* Products */;
			projectDirPath = "";
			projectRoot = "";
			targets = (
				AE76151E2D7A9F0D00BC2F35 /* iOSPaint */,
				AE76152E2D7A9F0E00BC2F35 /* iOSPaintTests */,
				AE7615382D7A9F0E00BC2F35 /* iOSPaintUITests */,
			);
		};
/* End PBXProject section */

/* Begin PBXResourcesBuildPhase section */
		AE76151D2D7A9F0D00BC2F35 /* Resources */ = {
			isa = PBXResourcesBuildPhase;
			buildActionMask = 2147483647;
			files = (
			);
			runOnlyForDeploymentPostprocessing = 0;
		};
		AE76152D2D7A9F0E00BC2F35 /* Resources */ = {
			isa = PBXResourcesBuildPhase;
			buildActionMask = 2147483647;
			files = (
			);
			runOnlyForDeploymentPostprocessing = 0;
		};
		AE7615372D7A9F0E00BC2F35 /* Resources */ = {
			isa = PBXResourcesBuildPhase;
			buildActionMask = 2147483647;
			files = (
			);
			runOnlyForDeploymentPostprocessing = 0;
		};
/* End PBXResourcesBuildPhase section */

/* Begin PBXSourcesBuildPhase section */
		AE76151B2D7A9F0D00BC2F35 /* Sources */ = {
			isa = PBXSourcesBuildPhase;
			buildActionMask = 2147483647;
			files = (
			);
			runOnlyForDeploymentPostprocessing = 0;
		};
		AE76152B2D7A9F0E00BC2F35 /* Sources */ = {
			isa = PBXSourcesBuildPhase;
			buildActionMask = 2147483647;
			files = (
			);
			runOnlyForDeploymentPostprocessing = 0;
		};
		AE7615352D7A9F0E00BC2F35 /* Sources */ = {
			isa = PBXSourcesBuildPhase;
			buildActionMask = 2147483647;
			files = (
			);
			runOnlyForDeploymentPostprocessing = 0;
		};
/* End PBXSourcesBuildPhase section */

/* Begin PBXTargetDependency section */
		AE7615312D7A9F0E00BC2F35 /* PBXTargetDependency */ = {
			isa = PBXTargetDependency;
			target = AE76151E2D7A9F0D00BC2F35 /* iOSPaint */;
			targetProxy = AE7615302D7A9F0E00BC2F35 /* PBXContainerItemProxy */;
		};
		AE76153B2D7A9F0E00BC2F35 /* PBXTargetDependency */ = {
			isa = PBXTargetDependency;
			target = AE76151E2D7A9F0D00BC2F35 /* iOSPaint */;
			targetProxy = AE76153A2D7A9F0E00BC2F35 /* PBXContainerItemProxy */;
		};
/* End PBXTargetDependency section */

/* Begin XCBuildConfiguration section */
		AE7615412D7A9F0E00BC2F35 /* Debug */ = {
			isa = XCBuildConfiguration;
			buildSettings = {
				ALWAYS_SEARCH_USER_PATHS = NO;
				ASSETCATALOG_COMPILER_GENERATE_SWIFT_ASSET_SYMBOL_EXTENSIONS = YES;
				CLANG_ANALYZER_NONNULL = YES;
				CLANG_ANALYZER_NUMBER_OBJECT_CONVERSION = YES_AGGRESSIVE;
				CLANG_CXX_LANGUAGE_STANDARD = "gnu++20";
				CLANG_ENABLE_MODULES = YES;
				CLANG_ENABLE_OBJC_ARC = YES;
				CLANG_ENABLE_OBJC_WEAK = YES;
				CLANG_WARN_BLOCK_CAPTURE_AUTORELEASING = YES;
				CLANG_WARN_BOOL_CONVERSION = YES;
				CLANG_WARN_COMMA = YES;
				CLANG_WARN_CONSTANT_CONVERSION = YES;
				CLANG_WARN_DEPRECATED_OBJC_IMPLEMENTATIONS = YES;
				CLANG_WARN_DIRECT_OBJC_ISA_USAGE = YES_ERROR;
				CLANG_WARN_DOCUMENTATION_COMMENTS = YES;
				CLANG_WARN_EMPTY_BODY = YES;
				CLANG_WARN_ENUM_CONVERSION = YES;
				CLANG_WARN_INFINITE_RECURSION = YES;
				CLANG_WARN_INT_CONVERSION = YES;
				CLANG_WARN_NON_LITERAL_NULL_CONVERSION = YES;
				CLANG_WARN_OBJC_IMPLICIT_RETAIN_SELF = YES;
				CLANG_WARN_OBJC_LITERAL_CONVERSION = YES;
				CLANG_WARN_OBJC_ROOT_CLASS = YES_ERROR;
				CLANG_WARN_QUOTED_INCLUDE_IN_FRAMEWORK_HEADER = YES;
				CLANG_WARN_RANGE_LOOP_ANALYSIS = YES;
				CLANG_WARN_STRICT_PROTOTYPES = YES;
				CLANG_WARN_SUSPICIOUS_MOVE = YES;
				CLANG_WARN_UNGUARDED_AVAILABILITY = YES_AGGRESSIVE;
				CLANG_WARN_UNREACHABLE_CODE = YES;
				CLANG_WARN__DUPLICATE_METHOD_MATCH = YES;
				COPY_PHASE_STRIP = NO;
				DEBUG_INFORMATION_FORMAT = dwarf;
				ENABLE_STRICT_OBJC_MSGSEND = YES;
				ENABLE_TESTABILITY = YES;
				ENABLE_USER_SCRIPT_SANDBOXING = YES;
				GCC_C_LANGUAGE_STANDARD = gnu17;
				GCC_DYNAMIC_NO_PIC = NO;
				GCC_NO_COMMON_BLOCKS = YES;
				GCC_OPTIMIZATION_LEVEL = 0;
				GCC_PREPROCESSOR_DEFINITIONS = (
					"DEBUG=1",
					"$(inherited)",
				);
				GCC_WARN_64_TO_32_BIT_CONVERSION = YES;
				GCC_WARN_ABOUT_RETURN_TYPE = YES_ERROR;
				GCC_WARN_UNDECLARED_SELECTOR = YES;
				GCC_WARN_UNINITIALIZED_AUTOS = YES_AGGRESSIVE;
				GCC_WARN_UNUSED_FUNCTION = YES;
				GCC_WARN_UNUSED_VARIABLE = YES;
				IPHONEOS_DEPLOYMENT_TARGET = 18.2;
				LOCALIZATION_PREFERS_STRING_CATALOGS = YES;
				MTL_ENABLE_DEBUG_INFO = INCLUDE_SOURCE;
				MTL_FAST_MATH = YES;
				ONLY_ACTIVE_ARCH = YES;
				SDKROOT = iphoneos;
				SWIFT_ACTIVE_COMPILATION_CONDITIONS = "DEBUG $(inherited)";
				SWIFT_OPTIMIZATION_LEVEL = "-Onone";
			};
			name = Debug;
		};
		AE7615422D7A9F0E00BC2F35 /* Release */ = {
			isa = XCBuildConfiguration;
			buildSettings = {
				ALWAYS_SEARCH_USER_PATHS = NO;
				ASSETCATALOG_COMPILER_GENERATE_SWIFT_ASSET_SYMBOL_EXTENSIONS = YES;
				CLANG_ANALYZER_NONNULL = YES;
				CLANG_ANALYZER_NUMBER_OBJECT_CONVERSION = YES_AGGRESSIVE;
				CLANG_CXX_LANGUAGE_STANDARD = "gnu++20";
				CLANG_ENABLE_MODULES = YES;
				CLANG_ENABLE_OBJC_ARC = YES;
				CLANG_ENABLE_OBJC_WEAK = YES;
				CLANG_WARN_BLOCK_CAPTURE_AUTORELEASING = YES;
				CLANG_WARN_BOOL_CONVERSION = YES;
				CLANG_WARN_COMMA = YES;
				CLANG_WARN_CONSTANT_CONVERSION = YES;
				CLANG_WARN_DEPRECATED_OBJC_IMPLEMENTATIONS = YES;
				CLANG_WARN_DIRECT_OBJC_ISA_USAGE = YES_ERROR;
				CLANG_WARN_DOCUMENTATION_COMMENTS = YES;
				CLANG_WARN_EMPTY_BODY = YES;
				CLANG_WARN_ENUM_CONVERSION = YES;
				CLANG_WARN_INFINITE_RECURSION = YES;
				CLANG_WARN_INT_CONVERSION = YES;
				CLANG_WARN_NON_LITERAL_NULL_CONVERSION = YES;
				CLANG_WARN_OBJC_IMPLICIT_RETAIN_SELF = YES;
				CLANG_WARN_OBJC_LITERAL_CONVERSION = YES;
				CLANG_WARN_OBJC_ROOT_CLASS = YES_ERROR;
				CLANG_WARN_QUOTED_INCLUDE_IN_FRAMEWORK_HEADER = YES;
				CLANG_WARN_RANGE_LOOP_ANALYSIS = YES;
				CLANG_WARN_STRICT_PROTOTYPES = YES;
				CLANG_WARN_SUSPICIOUS_MOVE = YES;
				CLANG_WARN_UNGUARDED_AVAILABILITY = YES_AGGRESSIVE;
				CLANG_WARN_UNREACHABLE_CODE = YES;
				CLANG_WARN__DUPLICATE_METHOD_MATCH = YES;
				COPY_PHASE_STRIP = NO;
				DEBUG_INFORMATION_FORMAT = "dwarf-with-dsym";
				ENABLE_NS_ASSERTIONS = NO;
				ENABLE_STRICT_OBJC_MSGSEND = YES;
				ENABLE_USER_SCRIPT_SANDBOXING = YES;
				GCC_C_LANGUAGE_STANDARD = gnu17;
				GCC_NO_COMMON_BLOCKS = YES;
				GCC_WARN_64_TO_32_BIT_CONVERSION = YES;
				GCC_WARN_ABOUT_RETURN_TYPE = YES_ERROR;
				GCC_WARN_UNDECLARED_SELECTOR = YES;
				GCC_WARN_UNINITIALIZED_AUTOS = YES_AGGRESSIVE;
				GCC_WARN_UNUSED_FUNCTION = YES;
				GCC_WARN_UNUSED_VARIABLE = YES;
				IPHONEOS_DEPLOYMENT_TARGET = 18.2;
				LOCALIZATION_PREFERS_STRING_CATALOGS = YES;
				MTL_ENABLE_DEBUG_INFO = NO;
				MTL_FAST_MATH = YES;
				SDKROOT = iphoneos;
				SWIFT_COMPILATION_MODE = wholemodule;
				VALIDATE_PRODUCT = YES;
			};
			name = Release;
		};
		AE7615442D7A9F0E00BC2F35 /* Debug */ = {
			isa = XCBuildConfiguration;
			buildSettings = {
				ASSETCATALOG_COMPILER_APPICON_NAME = AppIcon;
				ASSETCATALOG_COMPILER_GLOBAL_ACCENT_COLOR_NAME = AccentColor;
				CODE_SIGN_STYLE = Automatic;
				CURRENT_PROJECT_VERSION = 1;
				DEVELOPMENT_ASSET_PATHS = "\"iOSPaint/Preview Content\"";
				ENABLE_PREVIEWS = YES;
				GENERATE_INFOPLIST_FILE = YES;
				INFOPLIST_KEY_NSPhotoLibraryAddUsageDescription = "We need to access your photo library to save your drawing";
				INFOPLIST_KEY_UIApplicationSceneManifest_Generation = YES;
				INFOPLIST_KEY_UIApplicationSupportsIndirectInputEvents = YES;
				INFOPLIST_KEY_UILaunchScreen_Generation = YES;
				INFOPLIST_KEY_UISupportedInterfaceOrientations_iPad = "UIInterfaceOrientationPortrait UIInterfaceOrientationPortraitUpsideDown UIInterfaceOrientationLandscapeLeft UIInterfaceOrientationLandscapeRight";
				INFOPLIST_KEY_UISupportedInterfaceOrientations_iPhone = "UIInterfaceOrientationPortrait UIInterfaceOrientationLandscapeLeft UIInterfaceOrientationLandscapeRight";
				LD_RUNPATH_SEARCH_PATHS = (
					"$(inherited)",
					"@executable_path/Frameworks",
				);
				MARKETING_VERSION = 1.0;
				PRODUCT_BUNDLE_IDENTIFIER = colenelson0.iOSPaint;
				PRODUCT_NAME = "$(TARGET_NAME)";
				SWIFT_EMIT_LOC_STRINGS = YES;
				SWIFT_VERSION = 5.0;
				TARGETED_DEVICE_FAMILY = "1,2";
			};
			name = Debug;
		};
		AE7615452D7A9F0E00BC2F35 /* Release */ = {
			isa = XCBuildConfiguration;
			buildSettings = {
				ASSETCATALOG_COMPILER_APPICON_NAME = AppIcon;
				ASSETCATALOG_COMPILER_GLOBAL_ACCENT_COLOR_NAME = AccentColor;
				CODE_SIGN_STYLE = Automatic;
				CURRENT_PROJECT_VERSION = 1;
				DEVELOPMENT_ASSET_PATHS = "\"iOSPaint/Preview Content\"";
				ENABLE_PREVIEWS = YES;
				GENERATE_INFOPLIST_FILE = YES;
				INFOPLIST_KEY_NSPhotoLibraryAddUsageDescription = "We need to access your photo library to save your drawing";
				INFOPLIST_KEY_UIApplicationSceneManifest_Generation = YES;
				INFOPLIST_KEY_UIApplicationSupportsIndirectInputEvents = YES;
				INFOPLIST_KEY_UILaunchScreen_Generation = YES;
				INFOPLIST_KEY_UISupportedInterfaceOrientations_iPad = "UIInterfaceOrientationPortrait UIInterfaceOrientationPortraitUpsideDown UIInterfaceOrientationLandscapeLeft UIInterfaceOrientationLandscapeRight";
				INFOPLIST_KEY_UISupportedInterfaceOrientations_iPhone = "UIInterfaceOrientationPortrait UIInterfaceOrientationLandscapeLeft UIInterfaceOrientationLandscapeRight";
				LD_RUNPATH_SEARCH_PATHS = (
					"$(inherited)",
					"@executable_path/Frameworks",
				);
				MARKETING_VERSION = 1.0;
				PRODUCT_BUNDLE_IDENTIFIER = colenelson0.iOSPaint;
				PRODUCT_NAME = "$(TARGET_NAME)";
				SWIFT_EMIT_LOC_STRINGS = YES;
				SWIFT_VERSION = 5.0;
				TARGETED_DEVICE_FAMILY = "1,2";
			};
			name = Release;
		};
		AE7615472D7A9F0E00BC2F35 /* Debug */ = {
			isa = XCBuildConfiguration;
			buildSettings = {
				BUNDLE_LOADER = "$(TEST_HOST)";
				CODE_SIGN_STYLE = Automatic;
				CURRENT_PROJECT_VERSION = 1;
				GENERATE_INFOPLIST_FILE = YES;
				IPHONEOS_DEPLOYMENT_TARGET = 18.2;
				MARKETING_VERSION = 1.0;
				PRODUCT_BUNDLE_IDENTIFIER = colenelson0.iOSPaintTests;
				PRODUCT_NAME = "$(TARGET_NAME)";
				SWIFT_EMIT_LOC_STRINGS = NO;
				SWIFT_VERSION = 5.0;
				TARGETED_DEVICE_FAMILY = "1,2";
				TEST_HOST = "$(BUILT_PRODUCTS_DIR)/iOSPaint.app/$(BUNDLE_EXECUTABLE_FOLDER_PATH)/iOSPaint";
			};
			name = Debug;
		};
		AE7615482D7A9F0E00BC2F35 /* Release */ = {
			isa = XCBuildConfiguration;
			buildSettings = {
				BUNDLE_LOADER = "$(TEST_HOST)";
				CODE_SIGN_STYLE = Automatic;
				CURRENT_PROJECT_VERSION = 1;
				GENERATE_INFOPLIST_FILE = YES;
				IPHONEOS_DEPLOYMENT_TARGET = 18.2;
				MARKETING_VERSION = 1.0;
				PRODUCT_BUNDLE_IDENTIFIER = colenelson0.iOSPaintTests;
				PRODUCT_NAME = "$(TARGET_NAME)";
				SWIFT_EMIT_LOC_STRINGS = NO;
				SWIFT_VERSION = 5.0;
				TARGETED_DEVICE_FAMILY = "1,2";
				TEST_HOST = "$(BUILT_PRODUCTS_DIR)/iOSPaint.app/$(BUNDLE_EXECUTABLE_FOLDER_PATH)/iOSPaint";
			};
			name = Release;
		};
		AE76154A2D7A9F0E00BC2F35 /* Debug */ = {
			isa = XCBuildConfiguration;
			buildSettings = {
				CODE_SIGN_STYLE = Automatic;
				CURRENT_PROJECT_VERSION = 1;
				GENERATE_INFOPLIST_FILE = YES;
				MARKETING_VERSION = 1.0;
				PRODUCT_BUNDLE_IDENTIFIER = colenelson0.iOSPaintUITests;
				PRODUCT_NAME = "$(TARGET_NAME)";
				SWIFT_EMIT_LOC_STRINGS = NO;
				SWIFT_VERSION = 5.0;
				TARGETED_DEVICE_FAMILY = "1,2";
				TEST_TARGET_NAME = iOSPaint;
			};
			name = Debug;
		};
		AE76154B2D7A9F0E00BC2F35 /* Release */ = {
			isa = XCBuildConfiguration;
			buildSettings = {
				CODE_SIGN_STYLE = Automatic;
				CURRENT_PROJECT_VERSION = 1;
				GENERATE_INFOPLIST_FILE = YES;
				MARKETING_VERSION = 1.0;
				PRODUCT_BUNDLE_IDENTIFIER = colenelson0.iOSPaintUITests;
				PRODUCT_NAME = "$(TARGET_NAME)";
				SWIFT_EMIT_LOC_STRINGS = NO;
				SWIFT_VERSION = 5.0;
				TARGETED_DEVICE_FAMILY = "1,2";
				TEST_TARGET_NAME = iOSPaint;
			};
			name = Release;
		};
/* End XCBuildConfiguration section */

/* Begin XCConfigurationList section */
		AE76151A2D7A9F0D00BC2F35 /* Build configuration list for PBXProject "iOSPaint" */ = {
			isa = XCConfigurationList;
			buildConfigurations = (
				AE7615412D7A9F0E00BC2F35 /* Debug */,
				AE7615422D7A9F0E00BC2F35 /* Release */,
			);
			defaultConfigurationIsVisible = 0;
			defaultConfigurationName = Release;
		};
		AE7615432D7A9F0E00BC2F35 /* Build configuration list for PBXNativeTarget "iOSPaint" */ = {
			isa = XCConfigurationList;
			buildConfigurations = (
				AE7615442D7A9F0E00BC2F35 /* Debug */,
				AE7615452D7A9F0E00BC2F35 /* Release */,
			);
			defaultConfigurationIsVisible = 0;
			defaultConfigurationName = Release;
		};
		AE7615462D7A9F0E00BC2F35 /* Build configuration list for PBXNativeTarget "iOSPaintTests" */ = {
			isa = XCConfigurationList;
			buildConfigurations = (
				AE7615472D7A9F0E00BC2F35 /* Debug */,
				AE7615482D7A9F0E00BC2F35 /* Release */,
			);
			defaultConfigurationIsVisible = 0;
			defaultConfigurationName = Release;
		};
		AE7615492D7A9F0E00BC2F35 /* Build configuration list for PBXNativeTarget "iOSPaintUITests" */ = {
			isa = XCConfigurationList;
			buildConfigurations = (
				AE76154A2D7A9F0E00BC2F35 /* Debug */,
				AE76154B2D7A9F0E00BC2F35 /* Release */,
			);
			defaultConfigurationIsVisible = 0;
			defaultConfigurationName = Release;
		};
/* End XCConfigurationList section */
	};
	rootObject = AE7615172D7A9F0D00BC2F35 /* Project object */;
}
